
Microsoft Visual Studio Solution File, Format Version 12.00
# Visual Studio Version 16
VisualStudioVersion = 16.0.31112.23
MinimumVisualStudioVersion = 10.0.40219.1
Project("{FAE04EC0-301F-11D3-BF4B-00C04F79EFBC}") = "FRANCHISE", "FRANCHISE\FRANCHISE.csproj", "{3B884F2C-4C58-4BCF-BF90-F897524F7759}"
EndProject
Project("{FAE04EC0-301F-11D3-BF4B-00C04F79EFBC}") = "FRANCHISE_ELL", "FRANCHISE_ELL\FRANCHISE_ELL.csproj", "{38E88092-F740-4032-8ED8-C68FF56649F6}"
EndProject
Project("{FAE04EC0-301F-11D3-BF4B-00C04F79EFBC}") = "FRANCHISE_BLL", "FRANCHISE_BLL\FRANCHISE_BLL.csproj", "{7582A99D-719B-4094-8E49-5E956A94A221}"
EndProject
Project("{FAE04EC0-301F-11D3-BF4B-00C04F79EFBC}") = "FRANCHISE_DAL", "FRANCHISE_DAL\FRANCHISE_DAL.csproj", "{6AFFD37D-26DE-4F06-B291-84895A513BBB}"
EndProject
Global
	GlobalSection(SolutionConfigurationPlatforms) = preSolution
		Debug|Any CPU = Debug|Any CPU
		Debug|ARM = Debug|ARM
		Debug|ARM64 = Debug|ARM64
		Debug|x64 = Debug|x64
		Debug|x86 = Debug|x86
		Release|Any CPU = Release|Any CPU
		Release|ARM = Release|ARM
		Release|ARM64 = Release|ARM64
		Release|x64 = Release|x64
		Release|x86 = Release|x86
	EndGlobalSection
	GlobalSection(ProjectConfigurationPlatforms) = postSolution
		{3B884F2C-4C58-4BCF-BF90-F897524F7759}.Debug|Any CPU.ActiveCfg = Debug|Any CPU
		{3B884F2C-4C58-4BCF-BF90-F897524F7759}.Debug|Any CPU.Build.0 = Debug|Any CPU
		{3B884F2C-4C58-4BCF-BF90-F897524F7759}.Debug|ARM.ActiveCfg = Debug|Any CPU
		{3B884F2C-4C58-4BCF-BF90-F897524F7759}.Debug|ARM.Build.0 = Debug|Any CPU
		{3B884F2C-4C58-4BCF-BF90-F897524F7759}.Debug|ARM64.ActiveCfg = Debug|Any CPU
		{3B884F2C-4C58-4BCF-BF90-F897524F7759}.Debug|ARM64.Build.0 = Debug|Any CPU
		{3B884F2C-4C58-4BCF-BF90-F897524F7759}.Debug|x64.ActiveCfg = Debug|Any CPU
		{3B884F2C-4C58-4BCF-BF90-F897524F7759}.Debug|x64.Build.0 = Debug|Any CPU
		{3B884F2C-4C58-4BCF-BF90-F897524F7759}.Debug|x86.ActiveCfg = Debug|Any CPU
		{3B884F2C-4C58-4BCF-BF90-F897524F7759}.Debug|x86.Build.0 = Debug|Any CPU
		{3B884F2C-4C58-4BCF-BF90-F897524F7759}.Release|Any CPU.ActiveCfg = Release|Any CPU
		{3B884F2C-4C58-4BCF-BF90-F897524F7759}.Release|Any CPU.Build.0 = Release|Any CPU
		{3B884F2C-4C58-4BCF-BF90-F897524F7759}.Release|ARM.ActiveCfg = Release|Any CPU
		{3B884F2C-4C58-4BCF-BF90-F897524F7759}.Release|ARM.Build.0 = Release|Any CPU
		{3B884F2C-4C58-4BCF-BF90-F897524F7759}.Release|ARM64.ActiveCfg = Release|Any CPU
		{3B884F2C-4C58-4BCF-BF90-F897524F7759}.Release|ARM64.Build.0 = Release|Any CPU
		{3B884F2C-4C58-4BCF-BF90-F897524F7759}.Release|x64.ActiveCfg = Release|Any CPU
		{3B884F2C-4C58-4BCF-BF90-F897524F7759}.Release|x64.Build.0 = Release|Any CPU
		{3B884F2C-4C58-4BCF-BF90-F897524F7759}.Release|x86.ActiveCfg = Release|Any CPU
		{3B884F2C-4C58-4BCF-BF90-F897524F7759}.Release|x86.Build.0 = Release|Any CPU
		{38E88092-F740-4032-8ED8-C68FF56649F6}.Debug|Any CPU.ActiveCfg = Debug|Any CPU
		{38E88092-F740-4032-8ED8-C68FF56649F6}.Debug|Any CPU.Build.0 = Debug|Any CPU
		{38E88092-F740-4032-8ED8-C68FF56649F6}.Debug|ARM.ActiveCfg = Debug|Any CPU
		{38E88092-F740-4032-8ED8-C68FF56649F6}.Debug|ARM.Build.0 = Debug|Any CPU
		{38E88092-F740-4032-8ED8-C68FF56649F6}.Debug|ARM64.ActiveCfg = Debug|Any CPU
		{38E88092-F740-4032-8ED8-C68FF56649F6}.Debug|ARM64.Build.0 = Debug|Any CPU
		{38E88092-F740-4032-8ED8-C68FF56649F6}.Debug|x64.ActiveCfg = Debug|Any CPU
		{38E88092-F740-4032-8ED8-C68FF56649F6}.Debug|x64.Build.0 = Debug|Any CPU
		{38E88092-F740-4032-8ED8-C68FF56649F6}.Debug|x86.ActiveCfg = Debug|Any CPU
		{38E88092-F740-4032-8ED8-C68FF56649F6}.Debug|x86.Build.0 = Debug|Any CPU
		{38E88092-F740-4032-8ED8-C68FF56649F6}.Release|Any CPU.ActiveCfg = Release|Any CPU
		{38E88092-F740-4032-8ED8-C68FF56649F6}.Release|Any CPU.Build.0 = Release|Any CPU
		{38E88092-F740-4032-8ED8-C68FF56649F6}.Release|ARM.ActiveCfg = Release|Any CPU
		{38E88092-F740-4032-8ED8-C68FF56649F6}.Release|ARM.Build.0 = Release|Any CPU
		{38E88092-F740-4032-8ED8-C68FF56649F6}.Release|ARM64.ActiveCfg = Release|Any CPU
		{38E88092-F740-4032-8ED8-C68FF56649F6}.Release|ARM64.Build.0 = Release|Any CPU
		{38E88092-F740-4032-8ED8-C68FF56649F6}.Release|x64.ActiveCfg = Release|Any CPU
		{38E88092-F740-4032-8ED8-C68FF56649F6}.Release|x64.Build.0 = Release|Any CPU
		{38E88092-F740-4032-8ED8-C68FF56649F6}.Release|x86.ActiveCfg = Release|Any CPU
		{38E88092-F740-4032-8ED8-C68FF56649F6}.Release|x86.Build.0 = Release|Any CPU
		{7582A99D-719B-4094-8E49-5E956A94A221}.Debug|Any CPU.ActiveCfg = Debug|Any CPU
		{7582A99D-719B-4094-8E49-5E956A94A221}.Debug|Any CPU.Build.0 = Debug|Any CPU
		{7582A99D-719B-4094-8E49-5E956A94A221}.Debug|ARM.ActiveCfg = Debug|Any CPU
		{7582A99D-719B-4094-8E49-5E956A94A221}.Debug|ARM.Build.0 = Debug|Any CPU
		{7582A99D-719B-4094-8E49-5E956A94A221}.Debug|ARM64.ActiveCfg = Debug|Any CPU
		{7582A99D-719B-4094-8E49-5E956A94A221}.Debug|ARM64.Build.0 = Debug|Any CPU
		{7582A99D-719B-4094-8E49-5E956A94A221}.Debug|x64.ActiveCfg = Debug|Any CPU
		{7582A99D-719B-4094-8E49-5E956A94A221}.Debug|x64.Build.0 = Debug|Any CPU
		{7582A99D-719B-4094-8E49-5E956A94A221}.Debug|x86.ActiveCfg = Debug|Any CPU
		{7582A99D-719B-4094-8E49-5E956A94A221}.Debug|x86.Build.0 = Debug|Any CPU
		{7582A99D-719B-4094-8E49-5E956A94A221}.Release|Any CPU.ActiveCfg = Release|Any CPU
		{7582A99D-719B-4094-8E49-5E956A94A221}.Release|Any CPU.Build.0 = Release|Any CPU
		{7582A99D-719B-4094-8E49-5E956A94A221}.Release|ARM.ActiveCfg = Release|Any CPU
		{7582A99D-719B-4094-8E49-5E956A94A221}.Release|ARM.Build.0 = Release|Any CPU
		{7582A99D-719B-4094-8E49-5E956A94A221}.Release|ARM64.ActiveCfg = Release|Any CPU
		{7582A99D-719B-4094-8E49-5E956A94A221}.Release|ARM64.Build.0 = Release|Any CPU
		{7582A99D-719B-4094-8E49-5E956A94A221}.Release|x64.ActiveCfg = Release|Any CPU
		{7582A99D-719B-4094-8E49-5E956A94A221}.Release|x64.Build.0 = Release|Any CPU
		{7582A99D-719B-4094-8E49-5E956A94A221}.Release|x86.ActiveCfg = Release|Any CPU
		{7582A99D-719B-4094-8E49-5E956A94A221}.Release|x86.Build.0 = Release|Any CPU
		{6AFFD37D-26DE-4F06-B291-84895A513BBB}.Debug|Any CPU.ActiveCfg = Debug|Any CPU
		{6AFFD37D-26DE-4F06-B291-84895A513BBB}.Debug|Any CPU.Build.0 = Debug|Any CPU
		{6AFFD37D-26DE-4F06-B291-84895A513BBB}.Debug|ARM.ActiveCfg = Debug|Any CPU
		{6AFFD37D-26DE-4F06-B291-84895A513BBB}.Debug|ARM.Build.0 = Debug|Any CPU
		{6AFFD37D-26DE-4F06-B291-84895A513BBB}.Debug|ARM64.ActiveCfg = Debug|Any CPU
		{6AFFD37D-26DE-4F06-B291-84895A513BBB}.Debug|ARM64.Build.0 = Debug|Any CPU
		{6AFFD37D-26DE-4F06-B291-84895A513BBB}.Debug|x64.ActiveCfg = Debug|Any CPU
		{6AFFD37D-26DE-4F06-B291-84895A513BBB}.Debug|x64.Build.0 = Debug|Any CPU
		{6AFFD37D-26DE-4F06-B291-84895A513BBB}.Debug|x86.ActiveCfg = Debug|Any CPU
		{6AFFD37D-26DE-4F06-B291-84895A513BBB}.Debug|x86.Build.0 = Debug|Any CPU
		{6AFFD37D-26DE-4F06-B291-84895A513BBB}.Release|Any CPU.ActiveCfg = Release|Any CPU
		{6AFFD37D-26DE-4F06-B291-84895A513BBB}.Release|Any CPU.Build.0 = Release|Any CPU
		{6AFFD37D-26DE-4F06-B291-84895A513BBB}.Release|ARM.ActiveCfg = Release|Any CPU
		{6AFFD37D-26DE-4F06-B291-84895A513BBB}.Release|ARM.Build.0 = Release|Any CPU
		{6AFFD37D-26DE-4F06-B291-84895A513BBB}.Release|ARM64.ActiveCfg = Release|Any CPU
		{6AFFD37D-26DE-4F06-B291-84895A513BBB}.Release|ARM64.Build.0 = Release|Any CPU
		{6AFFD37D-26DE-4F06-B291-84895A513BBB}.Release|x64.ActiveCfg = Release|Any CPU
		{6AFFD37D-26DE-4F06-B291-84895A513BBB}.Release|x64.Build.0 = Release|Any CPU
		{6AFFD37D-26DE-4F06-B291-84895A513BBB}.Release|x86.ActiveCfg = Release|Any CPU
		{6AFFD37D-26DE-4F06-B291-84895A513BBB}.Release|x86.Build.0 = Release|Any CPU
	EndGlobalSection
	GlobalSection(SolutionProperties) = preSolution
		HideSolutionNode = FALSE
	EndGlobalSection
	GlobalSection(ExtensibilityGlobals) = postSolution
		SolutionGuid = {C863E0AF-3C73-40B8-AA5B-5902C98DD9CE}
	EndGlobalSection
EndGlobal
